
Microsoft Visual Studio Solution File, Format Version 12.00
# Visual Studio 2012
Project("{FAE04EC0-301F-11D3-BF4B-00C04F79EFBC}") = "BurnAdControlTest", "BurnAdControl.Test\BurnAdControlTest.csproj", "{FEF2E39A-1D76-43F5-BD07-031A98DA777A}"
EndProject
Project("{FAE04EC0-301F-11D3-BF4B-00C04F79EFBC}") = "BurnAdControls", "..\BurnAdControls\BurnAdControls.csproj", "{309539AB-DFE8-4E9A-A771-2447523F4D84}"
EndProject
Global
	GlobalSection(SolutionConfigurationPlatforms) = preSolution
		Debug|Any CPU = Debug|Any CPU
		Release|Any CPU = Release|Any CPU
	EndGlobalSection
	GlobalSection(ProjectConfigurationPlatforms) = postSolution
		{FEF2E39A-1D76-43F5-BD07-031A98DA777A}.Debug|Any CPU.ActiveCfg = Debug|Any CPU
		{FEF2E39A-1D76-43F5-BD07-031A98DA777A}.Debug|Any CPU.Build.0 = Debug|Any CPU
		{FEF2E39A-1D76-43F5-BD07-031A98DA777A}.Debug|Any CPU.Deploy.0 = Debug|Any CPU
		{FEF2E39A-1D76-43F5-BD07-031A98DA777A}.Release|Any CPU.ActiveCfg = Release|Any CPU
		{FEF2E39A-1D76-43F5-BD07-031A98DA777A}.Release|Any CPU.Build.0 = Release|Any CPU
		{FEF2E39A-1D76-43F5-BD07-031A98DA777A}.Release|Any CPU.Deploy.0 = Release|Any CPU
		{309539AB-DFE8-4E9A-A771-2447523F4D84}.Debug|Any CPU.ActiveCfg = Debug|Any CPU
		{309539AB-DFE8-4E9A-A771-2447523F4D84}.Debug|Any CPU.Build.0 = Debug|Any CPU
		{309539AB-DFE8-4E9A-A771-2447523F4D84}.Release|Any CPU.ActiveCfg = Release|Any CPU
		{309539AB-DFE8-4E9A-A771-2447523F4D84}.Release|Any CPU.Build.0 = Release|Any CPU
	EndGlobalSection
	GlobalSection(SolutionProperties) = preSolution
		HideSolutionNode = FALSE
	EndGlobalSection
EndGlobal
